Microsoft Visual Studio Solution File, Format Version 12.00
# Visual Studio 15
VisualStudioVersion = 15.0.27428.1
MinimumVisualStudioVersion = 10.0.40219.1
Project("{2150E333-8FDC-42A3-9474-1A3956D46DE8}") = "Solution Items", "Solution Items", "{25C29AF2-B4BA-4695-B3F2-C8B0B9BD76AC}"
	ProjectSection(SolutionItems) = preProject
		azuredeploy.json = azuredeploy.json
		LICENSE = LICENSE
		nuget.config = nuget.config
		README.md = README.md
	EndProjectSection
EndProject
Project("{9A19103F-16F7-4668-BE54-9A1E7A4F7556}") = "Durwella.UrlShortening.Web", "Durwella.UrlShortening.Web\Durwella.UrlShortening.Web\Durwella.UrlShortening.Web.csproj", "{2F35803D-8E23-4E49-A437-DE21776F4452}"
EndProject
Project("{9A19103F-16F7-4668-BE54-9A1E7A4F7556}") = "Durwella.UrlShortening.Web.Services", "Durwella.UrlShortening.Web\Durwella.UrlShortening.Web.Services\Durwella.UrlShortening.Web.Services.csproj", "{463FFB73-29AA-4005-96B6-645A0A2B33F6}"
EndProject
Project("{9A19103F-16F7-4668-BE54-9A1E7A4F7556}") = "Durwella.UrlShortening", "Durwella.UrlShortening\Durwella.UrlShortening.csproj", "{E53C51A3-6744-4C4F-8C13-931EC59EE314}"
EndProject
Project("{9A19103F-16F7-4668-BE54-9A1E7A4F7556}") = "Durwella.UrlShortening.Tests", "Durwella.UrlShortening.Tests\Durwella.UrlShortening.Tests.csproj", "{387CD293-E6D2-4F5D-9596-F3C071549EB3}"
EndProject
Project("{FAE04EC0-301F-11D3-BF4B-00C04F79EFBC}") = "Durwella.UrlShortening.Web.Tests", "Durwella.UrlShortening.Web\Durwella.UrlShortening.Web.Tests\Durwella.UrlShortening.Web.Tests.csproj", "{A9B5237C-225E-4C48-AA93-D22AA00EEE7E}"
EndProject
Global
	GlobalSection(SolutionConfigurationPlatforms) = preSolution
		Debug|Any CPU = Debug|Any CPU
		Release|Any CPU = Release|Any CPU
	EndGlobalSection
	GlobalSection(ProjectConfigurationPlatforms) = postSolution
		{2F35803D-8E23-4E49-A437-DE21776F4452}.Debug|Any CPU.ActiveCfg = Debug|Any CPU
		{2F35803D-8E23-4E49-A437-DE21776F4452}.Debug|Any CPU.Build.0 = Debug|Any CPU
		{2F35803D-8E23-4E49-A437-DE21776F4452}.Release|Any CPU.ActiveCfg = Release|Any CPU
		{2F35803D-8E23-4E49-A437-DE21776F4452}.Release|Any CPU.Build.0 = Release|Any CPU
		{463FFB73-29AA-4005-96B6-645A0A2B33F6}.Debug|Any CPU.ActiveCfg = Debug|Any CPU
		{463FFB73-29AA-4005-96B6-645A0A2B33F6}.Debug|Any CPU.Build.0 = Debug|Any CPU
		{463FFB73-29AA-4005-96B6-645A0A2B33F6}.Release|Any CPU.ActiveCfg = Release|Any CPU
		{463FFB73-29AA-4005-96B6-645A0A2B33F6}.Release|Any CPU.Build.0 = Release|Any CPU
		{E53C51A3-6744-4C4F-8C13-931EC59EE314}.Debug|Any CPU.ActiveCfg = Debug|Any CPU
		{E53C51A3-6744-4C4F-8C13-931EC59EE314}.Debug|Any CPU.Build.0 = Debug|Any CPU
		{E53C51A3-6744-4C4F-8C13-931EC59EE314}.Release|Any CPU.ActiveCfg = Release|Any CPU
		{E53C51A3-6744-4C4F-8C13-931EC59EE314}.Release|Any CPU.Build.0 = Release|Any CPU
		{387CD293-E6D2-4F5D-9596-F3C071549EB3}.Debug|Any CPU.ActiveCfg = Debug|Any CPU
		{387CD293-E6D2-4F5D-9596-F3C071549EB3}.Debug|Any CPU.Build.0 = Debug|Any CPU
		{387CD293-E6D2-4F5D-9596-F3C071549EB3}.Release|Any CPU.ActiveCfg = Release|Any CPU
		{387CD293-E6D2-4F5D-9596-F3C071549EB3}.Release|Any CPU.Build.0 = Release|Any CPU
		{A9B5237C-225E-4C48-AA93-D22AA00EEE7E}.Debug|Any CPU.ActiveCfg = Debug|Any CPU
		{A9B5237C-225E-4C48-AA93-D22AA00EEE7E}.Debug|Any CPU.Build.0 = Debug|Any CPU
		{A9B5237C-225E-4C48-AA93-D22AA00EEE7E}.Release|Any CPU.ActiveCfg = Release|Any CPU
		{A9B5237C-225E-4C48-AA93-D22AA00EEE7E}.Release|Any CPU.Build.0 = Release|Any CPU
	EndGlobalSection
	GlobalSection(SolutionProperties) = preSolution
		HideSolutionNode = FALSE
	EndGlobalSection
	GlobalSection(ExtensibilityGlobals) = postSolution
		SolutionGuid = {97177320-5627-44D8-B294-866FD3E6081E}
	EndGlobalSection
EndGlobal
